
Microsoft Visual Studio Solution File, Format Version 12.00
# Visual Studio Version 16
VisualStudioVersion = 16.0.31624.102
MinimumVisualStudioVersion = 10.0.40219.1
Project("{9A19103F-16F7-4668-BE54-9A1E7A4F7556}") = "CloudSyncEngine", "CloudSyncEngine\CloudSyncEngine.csproj", "{1AADBA73-1D8B-4A97-895E-F1D556FAABA9}"
EndProject
Global
	GlobalSection(SolutionConfigurationPlatforms) = preSolution
		Debug|Any CPU = Debug|Any CPU
		Debug|x64 = Debug|x64
		Release|Any CPU = Release|Any CPU
		Release|x64 = Release|x64
	EndGlobalSection
	GlobalSection(ProjectConfigurationPlatforms) = postSolution
		{1AADBA73-1D8B-4A97-895E-F1D556FAABA9}.Debug|Any CPU.ActiveCfg = Debug|Any CPU
		{1AADBA73-1D8B-4A97-895E-F1D556FAABA9}.Debug|Any CPU.Build.0 = Debug|Any CPU
		{1AADBA73-1D8B-4A97-895E-F1D556FAABA9}.Debug|x64.ActiveCfg = Debug|x64
		{1AADBA73-1D8B-4A97-895E-F1D556FAABA9}.Debug|x64.Build.0 = Debug|x64
		{1AADBA73-1D8B-4A97-895E-F1D556FAABA9}.Release|Any CPU.ActiveCfg = Release|Any CPU
		{1AADBA73-1D8B-4A97-895E-F1D556FAABA9}.Release|Any CPU.Build.0 = Release|Any CPU
		{1AADBA73-1D8B-4A97-895E-F1D556FAABA9}.Release|x64.ActiveCfg = Release|x64
		{1AADBA73-1D8B-4A97-895E-F1D556FAABA9}.Release|x64.Build.0 = Release|x64
	EndGlobalSection
	GlobalSection(SolutionProperties) = preSolution
		HideSolutionNode = FALSE
	EndGlobalSection
	GlobalSection(ExtensibilityGlobals) = postSolution
		SolutionGuid = {C9BE8831-6AAE-4783-9BED-D8A20DF5E1D0}
	EndGlobalSection
EndGlobal
